
Microsoft Visual Studio Solution File, Format Version 12.00
# Visual Studio Express 2013 for Web
VisualStudioVersion = 12.0.30110.0
MinimumVisualStudioVersion = 10.0.40219.1
Project("{FAE04EC0-301F-11D3-BF4B-00C04F79EFBC}") = "BlogSite", "BlogSite\BlogSite.csproj", "{65A31D3C-0F1E-4601-9A27-34B6413571D3}"
EndProject
Project("{FAE04EC0-301F-11D3-BF4B-00C04F79EFBC}") = "BlogSite.Tests", "BlogSite.Tests\BlogSite.Tests.csproj", "{0AE7F93E-E96C-4744-B8BB-60D50276DE98}"
EndProject
Project("{2150E333-8FDC-42A3-9474-1A3956D46DE8}") = ".nuget", ".nuget", "{978E2D81-E382-499D-8B97-314D46171E3E}"
	ProjectSection(SolutionItems) = preProject
		.nuget\packages.config = .nuget\packages.config
	EndProjectSection
EndProject
Project("{FAE04EC0-301F-11D3-BF4B-00C04F79EFBC}") = "Blogsite.FunctionalTest", "Blogsite.FunctionalTest\Blogsite.FunctionalTest.csproj", "{304BDA25-05A3-4B71-8BBB-3F38B9744761}"
EndProject
Project("{FAE04EC0-301F-11D3-BF4B-00C04F79EFBC}") = "Blogsite.IntegrationTest", "Blogsite.IntegrationTest\Blogsite.IntegrationTest.csproj", "{5765FF75-09FF-44C6-B592-5F46ED6EAE18}"
EndProject
Project("{FAE04EC0-301F-11D3-BF4B-00C04F79EFBC}") = "Blogsite.RegressionTest", "Blogsite.RegressionTest\Blogsite.RegressionTest.csproj", "{168C70BC-21C4-442E-A491-6B61D59BB31C}"
EndProject
Global
	GlobalSection(SolutionConfigurationPlatforms) = preSolution
		Debug|Any CPU = Debug|Any CPU
		Development|Any CPU = Development|Any CPU
		Production|Any CPU = Production|Any CPU
		Release|Any CPU = Release|Any CPU
	EndGlobalSection
	GlobalSection(ProjectConfigurationPlatforms) = postSolution
		{65A31D3C-0F1E-4601-9A27-34B6413571D3}.Debug|Any CPU.ActiveCfg = Debug|Any CPU
		{65A31D3C-0F1E-4601-9A27-34B6413571D3}.Debug|Any CPU.Build.0 = Debug|Any CPU
		{65A31D3C-0F1E-4601-9A27-34B6413571D3}.Development|Any CPU.ActiveCfg = Development|Any CPU
		{65A31D3C-0F1E-4601-9A27-34B6413571D3}.Production|Any CPU.ActiveCfg = Production|Any CPU
		{65A31D3C-0F1E-4601-9A27-34B6413571D3}.Release|Any CPU.ActiveCfg = Release|Any CPU
		{65A31D3C-0F1E-4601-9A27-34B6413571D3}.Release|Any CPU.Build.0 = Release|Any CPU
		{0AE7F93E-E96C-4744-B8BB-60D50276DE98}.Debug|Any CPU.ActiveCfg = Debug|Any CPU
		{0AE7F93E-E96C-4744-B8BB-60D50276DE98}.Debug|Any CPU.Build.0 = Debug|Any CPU
		{0AE7F93E-E96C-4744-B8BB-60D50276DE98}.Development|Any CPU.ActiveCfg = Development|Any CPU
		{0AE7F93E-E96C-4744-B8BB-60D50276DE98}.Development|Any CPU.Build.0 = Development|Any CPU
		{0AE7F93E-E96C-4744-B8BB-60D50276DE98}.Production|Any CPU.ActiveCfg = Production|Any CPU
		{0AE7F93E-E96C-4744-B8BB-60D50276DE98}.Production|Any CPU.Build.0 = Production|Any CPU
		{0AE7F93E-E96C-4744-B8BB-60D50276DE98}.Release|Any CPU.ActiveCfg = Release|Any CPU
		{0AE7F93E-E96C-4744-B8BB-60D50276DE98}.Release|Any CPU.Build.0 = Release|Any CPU
		{304BDA25-05A3-4B71-8BBB-3F38B9744761}.Debug|Any CPU.ActiveCfg = Debug|Any CPU
		{304BDA25-05A3-4B71-8BBB-3F38B9744761}.Debug|Any CPU.Build.0 = Debug|Any CPU
		{304BDA25-05A3-4B71-8BBB-3F38B9744761}.Development|Any CPU.ActiveCfg = Debug|Any CPU
		{304BDA25-05A3-4B71-8BBB-3F38B9744761}.Development|Any CPU.Build.0 = Debug|Any CPU
		{304BDA25-05A3-4B71-8BBB-3F38B9744761}.Production|Any CPU.ActiveCfg = Release|Any CPU
		{304BDA25-05A3-4B71-8BBB-3F38B9744761}.Production|Any CPU.Build.0 = Release|Any CPU
		{304BDA25-05A3-4B71-8BBB-3F38B9744761}.Release|Any CPU.ActiveCfg = Release|Any CPU
		{304BDA25-05A3-4B71-8BBB-3F38B9744761}.Release|Any CPU.Build.0 = Release|Any CPU
		{5765FF75-09FF-44C6-B592-5F46ED6EAE18}.Debug|Any CPU.ActiveCfg = Debug|Any CPU
		{5765FF75-09FF-44C6-B592-5F46ED6EAE18}.Debug|Any CPU.Build.0 = Debug|Any CPU
		{5765FF75-09FF-44C6-B592-5F46ED6EAE18}.Development|Any CPU.ActiveCfg = Debug|Any CPU
		{5765FF75-09FF-44C6-B592-5F46ED6EAE18}.Development|Any CPU.Build.0 = Debug|Any CPU
		{5765FF75-09FF-44C6-B592-5F46ED6EAE18}.Production|Any CPU.ActiveCfg = Release|Any CPU
		{5765FF75-09FF-44C6-B592-5F46ED6EAE18}.Production|Any CPU.Build.0 = Release|Any CPU
		{5765FF75-09FF-44C6-B592-5F46ED6EAE18}.Release|Any CPU.ActiveCfg = Release|Any CPU
		{5765FF75-09FF-44C6-B592-5F46ED6EAE18}.Release|Any CPU.Build.0 = Release|Any CPU
		{168C70BC-21C4-442E-A491-6B61D59BB31C}.Debug|Any CPU.ActiveCfg = Debug|Any CPU
		{168C70BC-21C4-442E-A491-6B61D59BB31C}.Debug|Any CPU.Build.0 = Debug|Any CPU
		{168C70BC-21C4-442E-A491-6B61D59BB31C}.Development|Any CPU.ActiveCfg = Debug|Any CPU
		{168C70BC-21C4-442E-A491-6B61D59BB31C}.Development|Any CPU.Build.0 = Debug|Any CPU
		{168C70BC-21C4-442E-A491-6B61D59BB31C}.Production|Any CPU.ActiveCfg = Release|Any CPU
		{168C70BC-21C4-442E-A491-6B61D59BB31C}.Production|Any CPU.Build.0 = Release|Any CPU
		{168C70BC-21C4-442E-A491-6B61D59BB31C}.Release|Any CPU.ActiveCfg = Release|Any CPU
		{168C70BC-21C4-442E-A491-6B61D59BB31C}.Release|Any CPU.Build.0 = Release|Any CPU
	EndGlobalSection
	GlobalSection(SolutionProperties) = preSolution
		HideSolutionNode = FALSE
	EndGlobalSection
EndGlobal
